// !$*UTF8*$!
{
	archiveVersion = 1;
	classes = {
	};
	objectVersion = 46;
	objects = {

/* Begin PBXBuildFile section */
		2931DAFB1B4230C8005C47C5 /* AppDelegate.swift in Sources */ = {isa = PBXBuildFile; fileRef = 2931DAFA1B4230C8005C47C5 /* AppDelegate.swift */; };
		2931DAFD1B4230C8005C47C5 /* ViewController.swift in Sources */ = {isa = PBXBuildFile; fileRef = 2931DAFC1B4230C8005C47C5 /* ViewController.swift */; };
		2931DB001B4230C8005C47C5 /* Main.storyboard in Resources */ = {isa = PBXBuildFile; fileRef = 2931DAFE1B4230C8005C47C5 /* Main.storyboard */; };
		2931DB021B4230C8005C47C5 /* Assets.xcassets in Resources */ = {isa = PBXBuildFile; fileRef = 2931DB011B4230C8005C47C5 /* Assets.xcassets */; };
		2931DB051B4230C8005C47C5 /* LaunchScreen.storyboard in Resources */ = {isa = PBXBuildFile; fileRef = 2931DB031B4230C8005C47C5 /* LaunchScreen.storyboard */; };
		2931DB101B4230C8005C47C5 /* DelegationTests.swift in Sources */ = {isa = PBXBuildFile; fileRef = 2931DB0F1B4230C8005C47C5 /* DelegationTests.swift */; };
		2931DB1B1B4230C8005C47C5 /* DelegationUITests.swift in Sources */ = {isa = PBXBuildFile; fileRef = 2931DB1A1B4230C8005C47C5 /* DelegationUITests.swift */; };
		2931DB2B1B42339E005C47C5 /* SecondViewController.swift in Sources */ = {isa = PBXBuildFile; fileRef = 2931DB2A1B42339E005C47C5 /* SecondViewController.swift */; };
/* End PBXBuildFile section */

/* Begin PBXContainerItemProxy section */
		2931DB0C1B4230C8005C47C5 /* PBXContainerItemProxy */ = {
			isa = PBXContainerItemProxy;
			containerPortal = 2931DAEF1B4230C8005C47C5 /* Project object */;
			proxyType = 1;
			remoteGlobalIDString = 2931DAF61B4230C8005C47C5;
			remoteInfo = Delegation;
		};
		2931DB171B4230C8005C47C5 /* PBXContainerItemProxy */ = {
			isa = PBXContainerItemProxy;
			containerPortal = 2931DAEF1B4230C8005C47C5 /* Project object */;
			proxyType = 1;
			remoteGlobalIDString = 2931DAF61B4230C8005C47C5;
			remoteInfo = Delegation;
		};
/* End PBXContainerItemProxy section */

/* Begin PBXFileReference section */
		2931DAF71B4230C8005C47C5 /* Delegation.app */ = {isa = PBXFileReference; explicitFileType = wrapper.application; includeInIndex = 0; path = Delegation.app; sourceTree = BUILT_PRODUCTS_DIR; };
		2931DAFA1B4230C8005C47C5 /* AppDelegate.swift */ = {isa = PBXFileReference; lastKnownFileType = sourcecode.swift; name = AppDelegate.swift; path = Delegation/AppDelegate.swift; sourceTree = "<group>"; };
		2931DAFC1B4230C8005C47C5 /* ViewController.swift */ = {isa = PBXFileReference; lastKnownFileType = sourcecode.swift; path = ViewController.swift; sourceTree = "<group>"; };
		2931DAFF1B4230C8005C47C5 /* Base */ = {isa = PBXFileReference; lastKnownFileType = file.storyboard; name = Base; path = Base.lproj/Main.storyboard; sourceTree = "<group>"; };
		2931DB011B4230C8005C47C5 /* Assets.xcassets */ = {isa = PBXFileReference; lastKnownFileType = folder.assetcatalog; name = Assets.xcassets; path = Delegation/Assets.xcassets; sourceTree = "<group>"; };
		2931DB041B4230C8005C47C5 /* Base */ = {isa = PBXFileReference; lastKnownFileType = file.storyboard; name = Base; path = Base.lproj/LaunchScreen.storyboard; sourceTree = "<group>"; };
		2931DB061B4230C8005C47C5 /* Info.plist */ = {isa = PBXFileReference; lastKnownFileType = text.plist.xml; name = Info.plist; path = Delegation/Info.plist; sourceTree = "<group>"; };
		2931DB0B1B4230C8005C47C5 /* DelegationTests.xctest */ = {isa = PBXFileReference; explicitFileType = wrapper.cfbundle; includeInIndex = 0; path = DelegationTests.xctest; sourceTree = BUILT_PRODUCTS_DIR; };
		2931DB0F1B4230C8005C47C5 /* DelegationTests.swift */ = {isa = PBXFileReference; lastKnownFileType = sourcecode.swift; path = DelegationTests.swift; sourceTree = "<group>"; };
		2931DB111B4230C8005C47C5 /* Info.plist */ = {isa = PBXFileReference; lastKnownFileType = text.plist.xml; path = Info.plist; sourceTree = "<group>"; };
		2931DB161B4230C8005C47C5 /* DelegationUITests.xctest */ = {isa = PBXFileReference; explicitFileType = wrapper.cfbundle; includeInIndex = 0; path = DelegationUITests.xctest; sourceTree = BUILT_PRODUCTS_DIR; };
		2931DB1A1B4230C8005C47C5 /* DelegationUITests.swift */ = {isa = PBXFileReference; lastKnownFileType = sourcecode.swift; path = DelegationUITests.swift; sourceTree = "<group>"; };
		2931DB1C1B4230C8005C47C5 /* Info.plist */ = {isa = PBXFileReference; lastKnownFileType = text.plist.xml; path = Info.plist; sourceTree = "<group>"; };
		2931DB2A1B42339E005C47C5 /* SecondViewController.swift */ = {isa = PBXFileReference; fileEncoding = 4; lastKnownFileType = sourcecode.swift; path = SecondViewController.swift; sourceTree = "<group>"; };
/* End PBXFileReference section */

/* Begin PBXFrameworksBuildPhase section */
		2931DAF41B4230C8005C47C5 /* Frameworks */ = {
			isa = PBXFrameworksBuildPhase;
			buildActionMask = 2147483647;
			files = (
			);
			runOnlyForDeploymentPostprocessing = 0;
		};
		2931DB081B4230C8005C47C5 /* Frameworks */ = {
			isa = PBXFrameworksBuildPhase;
			buildActionMask = 2147483647;
			files = (
			);
			runOnlyForDeploymentPostprocessing = 0;
		};
		2931DB131B4230C8005C47C5 /* Frameworks */ = {
			isa = PBXFrameworksBuildPhase;
			buildActionMask = 2147483647;
			files = (
			);
			runOnlyForDeploymentPostprocessing = 0;
		};
/* End PBXFrameworksBuildPhase section */

/* Begin PBXGroup section */
		2931DAEE1B4230C8005C47C5 = {
			isa = PBXGroup;
			children = (
				2931DAF91B4230C8005C47C5 /* Delegation */,
				2931DB0E1B4230C8005C47C5 /* DelegationTests */,
				2931DB191B4230C8005C47C5 /* DelegationUITests */,
				2931DAF81B4230C8005C47C5 /* Products */,
				2931DB061B4230C8005C47C5 /* Info.plist */,
				2931DB031B4230C8005C47C5 /* LaunchScreen.storyboard */,
				2931DB011B4230C8005C47C5 /* Assets.xcassets */,
				2931DAFA1B4230C8005C47C5 /* AppDelegate.swift */,
			);
			sourceTree = "<group>";
		};
		2931DAF81B4230C8005C47C5 /* Products */ = {
			isa = PBXGroup;
			children = (
				2931DAF71B4230C8005C47C5 /* Delegation.app */,
				2931DB0B1B4230C8005C47C5 /* DelegationTests.xctest */,
				2931DB161B4230C8005C47C5 /* DelegationUITests.xctest */,
			);
			name = Products;
			sourceTree = "<group>";
		};
		2931DAF91B4230C8005C47C5 /* Delegation */ = {
			isa = PBXGroup;
			children = (
				2931DAFC1B4230C8005C47C5 /* ViewController.swift */,
				2931DAFE1B4230C8005C47C5 /* Main.storyboard */,
				2931DB2A1B42339E005C47C5 /* SecondViewController.swift */,
			);
			path = Delegation;
			sourceTree = "<group>";
		};
		2931DB0E1B4230C8005C47C5 /* DelegationTests */ = {
			isa = PBXGroup;
			children = (
				2931DB0F1B4230C8005C47C5 /* DelegationTests.swift */,
				2931DB111B4230C8005C47C5 /* Info.plist */,
			);
			path = DelegationTests;
			sourceTree = "<group>";
		};
		2931DB191B4230C8005C47C5 /* DelegationUITests */ = {
			isa = PBXGroup;
			children = (
				2931DB1A1B4230C8005C47C5 /* DelegationUITests.swift */,
				2931DB1C1B4230C8005C47C5 /* Info.plist */,
			);
			path = DelegationUITests;
			sourceTree = "<group>";
		};
/* End PBXGroup section */

/* Begin PBXNativeTarget section */
		2931DAF61B4230C8005C47C5 /* Delegation */ = {
			isa = PBXNativeTarget;
			buildConfigurationList = 2931DB1F1B4230C8005C47C5 /* Build configuration list for PBXNativeTarget "Delegation" */;
			buildPhases = (
				2931DAF31B4230C8005C47C5 /* Sources */,
				2931DAF41B4230C8005C47C5 /* Frameworks */,
				2931DAF51B4230C8005C47C5 /* Resources */,
			);
			buildRules = (
			);
			dependencies = (
			);
			name = Delegation;
			productName = Delegation;
			productReference = 2931DAF71B4230C8005C47C5 /* Delegation.app */;
			productType = "com.apple.product-type.application";
		};
		2931DB0A1B4230C8005C47C5 /* DelegationTests */ = {
			isa = PBXNativeTarget;
			buildConfigurationList = 2931DB221B4230C8005C47C5 /* Build configuration list for PBXNativeTarget "DelegationTests" */;
			buildPhases = (
				2931DB071B4230C8005C47C5 /* Sources */,
				2931DB081B4230C8005C47C5 /* Frameworks */,
				2931DB091B4230C8005C47C5 /* Resources */,
			);
			buildRules = (
			);
			dependencies = (
				2931DB0D1B4230C8005C47C5 /* PBXTargetDependency */,
			);
			name = DelegationTests;
			productName = DelegationTests;
			productReference = 2931DB0B1B4230C8005C47C5 /* DelegationTests.xctest */;
			productType = "com.apple.product-type.bundle.unit-test";
		};
		2931DB151B4230C8005C47C5 /* DelegationUITests */ = {
			isa = PBXNativeTarget;
			buildConfigurationList = 2931DB251B4230C8005C47C5 /* Build configuration list for PBXNativeTarget "DelegationUITests" */;
			buildPhases = (
				2931DB121B4230C8005C47C5 /* Sources */,
				2931DB131B4230C8005C47C5 /* Frameworks */,
				2931DB141B4230C8005C47C5 /* Resources */,
			);
			buildRules = (
			);
			dependencies = (
				2931DB181B4230C8005C47C5 /* PBXTargetDependency */,
			);
			name = DelegationUITests;
			productName = DelegationUITests;
			productReference = 2931DB161B4230C8005C47C5 /* DelegationUITests.xctest */;
			productType = "com.apple.product-type.bundle.ui-testing";
		};
/* End PBXNativeTarget section */

/* Begin PBXProject section */
		2931DAEF1B4230C8005C47C5 /* Project object */ = {
			isa = PBXProject;
			attributes = {
				LastUpgradeCheck = 0700;
				ORGANIZATIONNAME = "CT MacBook Pro";
				TargetAttributes = {
					2931DAF61B4230C8005C47C5 = {
						CreatedOnToolsVersion = 7.0;
					};
					2931DB0A1B4230C8005C47C5 = {
						CreatedOnToolsVersion = 7.0;
						TestTargetID = 2931DAF61B4230C8005C47C5;
					};
					2931DB151B4230C8005C47C5 = {
						CreatedOnToolsVersion = 7.0;
						TestTargetID = 2931DAF61B4230C8005C47C5;
					};
				};
			};
			buildConfigurationList = 2931DAF21B4230C8005C47C5 /* Build configuration list for PBXProject "Delegation" */;
			compatibilityVersion = "Xcode 3.2";
			developmentRegion = English;
			hasScannedForEncodings = 0;
			knownRegions = (
				en,
				Base,
			);
			mainGroup = 2931DAEE1B4230C8005C47C5;
			productRefGroup = 2931DAF81B4230C8005C47C5 /* Products */;
			projectDirPath = "";
			projectRoot = "";
			targets = (
				2931DAF61B4230C8005C47C5 /* Delegation */,
				2931DB0A1B4230C8005C47C5 /* DelegationTests */,
				2931DB151B4230C8005C47C5 /* DelegationUITests */,
			);
		};
/* End PBXProject section */

/* Begin PBXResourcesBuildPhase section */
		2931DAF51B4230C8005C47C5 /* Resources */ = {
			isa = PBXResourcesBuildPhase;
			buildActionMask = 2147483647;
			files = (
				2931DB051B4230C8005C47C5 /* LaunchScreen.storyboard in Resources */,
				2931DB021B4230C8005C47C5 /* Assets.xcassets in Resources */,
				2931DB001B4230C8005C47C5 /* Main.storyboard in Resources */,
			);
			runOnlyForDeploymentPostprocessing = 0;
		};
		2931DB091B4230C8005C47C5 /* Resources */ = {
			isa = PBXResourcesBuildPhase;
			buildActionMask = 2147483647;
			files = (
			);
			runOnlyForDeploymentPostprocessing = 0;
		};
		2931DB141B4230C8005C47C5 /* Resources */ = {
			isa = PBXResourcesBuildPhase;
			buildActionMask = 2147483647;
			files = (
			);
			runOnlyForDeploymentPostprocessing = 0;
		};
/* End PBXResourcesBuildPhase section */

/* Begin PBXSourcesBuildPhase section */
		2931DAF31B4230C8005C47C5 /* Sources */ = {
			isa = PBXSourcesBuildPhase;
			buildActionMask = 2147483647;
			files = (
				2931DB2B1B42339E005C47C5 /* SecondViewController.swift in Sources */,
				2931DAFD1B4230C8005C47C5 /* ViewController.swift in Sources */,
				2931DAFB1B4230C8005C47C5 /* AppDelegate.swift in Sources */,
			);
			runOnlyForDeploymentPostprocessing = 0;
		};
		2931DB071B4230C8005C47C5 /* Sources */ = {
			isa = PBXSourcesBuildPhase;
			buildActionMask = 2147483647;
			files = (
				2931DB101B4230C8005C47C5 /* DelegationTests.swift in Sources */,
			);
			runOnlyForDeploymentPostprocessing = 0;
		};
		2931DB121B4230C8005C47C5 /* Sources */ = {
			isa = PBXSourcesBuildPhase;
			buildActionMask = 2147483647;
			files = (
				2931DB1B1B4230C8005C47C5 /* DelegationUITests.swift in Sources */,
			);
			runOnlyForDeploymentPostprocessing = 0;
		};
/* End PBXSourcesBuildPhase section */

/* Begin PBXTargetDependency section */
		2931DB0D1B4230C8005C47C5 /* PBXTargetDependency */ = {
			isa = PBXTargetDependency;
			target = 2931DAF61B4230C8005C47C5 /* Delegation */;
			targetProxy = 2931DB0C1B4230C8005C47C5 /* PBXContainerItemProxy */;
		};
		2931DB181B4230C8005C47C5 /* PBXTargetDependency */ = {
			isa = PBXTargetDependency;
			target = 2931DAF61B4230C8005C47C5 /* Delegation */;
			targetProxy = 2931DB171B4230C8005C47C5 /* PBXContainerItemProxy */;
		};
/* End PBXTargetDependency section */

/* Begin PBXVariantGroup section */
		2931DAFE1B4230C8005C47C5 /* Main.storyboard */ = {
			isa = PBXVariantGroup;
			children = (
				2931DAFF1B4230C8005C47C5 /* Base */,
			);
			name = Main.storyboard;
			sourceTree = "<group>";
		};
		2931DB031B4230C8005C47C5 /* LaunchScreen.storyboard */ = {
			isa = PBXVariantGroup;
			children = (
				2931DB041B4230C8005C47C5 /* Base */,
			);
			name = LaunchScreen.storyboard;
			path = Delegation;
			sourceTree = "<group>";
		};
/* End PBXVariantGroup section */

/* Begin XCBuildConfiguration section */
		2931DB1D1B4230C8005C47C5 /* Debug */ = {
			isa = XCBuildConfiguration;
			buildSettings = {
				ALWAYS_SEARCH_USER_PATHS = NO;
				CLANG_CXX_LANGUAGE_STANDARD = "gnu++0x";
				CLANG_CXX_LIBRARY = "libc++";
				CLANG_ENABLE_MODULES = YES;
				CLANG_ENABLE_OBJC_ARC = YES;
				CLANG_WARN_BOOL_CONVERSION = YES;
				CLANG_WARN_CONSTANT_CONVERSION = YES;
				CLANG_WARN_DIRECT_OBJC_ISA_USAGE = YES_ERROR;
				CLANG_WARN_EMPTY_BODY = YES;
				CLANG_WARN_ENUM_CONVERSION = YES;
				CLANG_WARN_INT_CONVERSION = YES;
				CLANG_WARN_OBJC_ROOT_CLASS = YES_ERROR;
				CLANG_WARN_UNREACHABLE_CODE = YES;
				CLANG_WARN__DUPLICATE_METHOD_MATCH = YES;
				"CODE_SIGN_IDENTITY[sdk=iphoneos*]" = "iPhone Developer";
				COPY_PHASE_STRIP = NO;
				DEBUG_INFORMATION_FORMAT = dwarf;
				ENABLE_STRICT_OBJC_MSGSEND = YES;
				ENABLE_TESTABILITY = YES;
				GCC_C_LANGUAGE_STANDARD = gnu99;
				GCC_DYNAMIC_NO_PIC = NO;
				GCC_NO_COMMON_BLOCKS = YES;
				GCC_OPTIMIZATION_LEVEL = 0;
				GCC_PREPROCESSOR_DEFINITIONS = (
					"DEBUG=1",
					"$(inherited)",
				);
				GCC_WARN_64_TO_32_BIT_CONVERSION = YES;
				GCC_WARN_ABOUT_RETURN_TYPE = YES_ERROR;
				GCC_WARN_UNDECLARED_SELECTOR = YES;
				GCC_WARN_UNINITIALIZED_AUTOS = YES_AGGRESSIVE;
				GCC_WARN_UNUSED_FUNCTION = YES;
				GCC_WARN_UNUSED_VARIABLE = YES;
				IPHONEOS_DEPLOYMENT_TARGET = 9.0;
				MTL_ENABLE_DEBUG_INFO = YES;
				ONLY_ACTIVE_ARCH = YES;
				SDKROOT = iphoneos;
				SWIFT_OPTIMIZATION_LEVEL = "-Onone";
				TARGETED_DEVICE_FAMILY = "1,2";
			};
			name = Debug;
		};
		2931DB1E1B4230C8005C47C5 /* Release */ = {
			isa = XCBuildConfiguration;
			buildSettings = {
				ALWAYS_SEARCH_USER_PATHS = NO;
				CLANG_CXX_LANGUAGE_STANDARD = "gnu++0x";
				CLANG_CXX_LIBRARY = "libc++";
				CLANG_ENABLE_MODULES = YES;
				CLANG_ENABLE_OBJC_ARC = YES;
				CLANG_WARN_BOOL_CONVERSION = YES;
				CLANG_WARN_CONSTANT_CONVERSION = YES;
				CLANG_WARN_DIRECT_OBJC_ISA_USAGE = YES_ERROR;
				CLANG_WARN_EMPTY_BODY = YES;
				CLANG_WARN_ENUM_CONVERSION = YES;
				CLANG_WARN_INT_CONVERSION = YES;
				CLANG_WARN_OBJC_ROOT_CLASS = YES_ERROR;
				CLANG_WARN_UNREACHABLE_CODE = YES;
				CLANG_WARN__DUPLICATE_METHOD_MATCH = YES;
				"CODE_SIGN_IDENTITY[sdk=iphoneos*]" = "iPhone Developer";
				COPY_PHASE_STRIP = NO;
				DEBUG_INFORMATION_FORMAT = "dwarf-with-dsym";
				ENABLE_NS_ASSERTIONS = NO;
				ENABLE_STRICT_OBJC_MSGSEND = YES;
				GCC_C_LANGUAGE_STANDARD = gnu99;
				GCC_NO_COMMON_BLOCKS = YES;
				GCC_WARN_64_TO_32_BIT_CONVERSION = YES;
				GCC_WARN_ABOUT_RETURN_TYPE = YES_ERROR;
				GCC_WARN_UNDECLARED_SELECTOR = YES;
				GCC_WARN_UNINITIALIZED_AUTOS = YES_AGGRESSIVE;
				GCC_WARN_UNUSED_FUNCTION = YES;
				GCC_WARN_UNUSED_VARIABLE = YES;
				IPHONEOS_DEPLOYMENT_TARGET = 9.0;
				MTL_ENABLE_DEBUG_INFO = NO;
				SDKROOT = iphoneos;
				TARGETED_DEVICE_FAMILY = "1,2";
				VALIDATE_PRODUCT = YES;
			};
			name = Release;
		};
		2931DB201B4230C8005C47C5 /* Debug */ = {
			isa = XCBuildConfiguration;
			buildSettings = {
				ASSETCATALOG_COMPILER_APPICON_NAME = AppIcon;
				INFOPLIST_FILE = Delegation/Info.plist;
				LD_RUNPATH_SEARCH_PATHS = "$(inherited) @executable_path/Frameworks";
				PRODUCT_BUNDLE_IDENTIFIER = com.coolbamYi.Delegation;
				PRODUCT_NAME = "$(TARGET_NAME)";
			};
			name = Debug;
		};
		2931DB211B4230C8005C47C5 /* Release */ = {
			isa = XCBuildConfiguration;
			buildSettings = {
				ASSETCATALOG_COMPILER_APPICON_NAME = AppIcon;
				INFOPLIST_FILE = Delegation/Info.plist;
				LD_RUNPATH_SEARCH_PATHS = "$(inherited) @executable_path/Frameworks";
				PRODUCT_BUNDLE_IDENTIFIER = com.coolbamYi.Delegation;
				PRODUCT_NAME = "$(TARGET_NAME)";
			};
			name = Release;
		};
		2931DB231B4230C8005C47C5 /* Debug */ = {
			isa = XCBuildConfiguration;
			buildSettings = {
				BUNDLE_LOADER = "$(TEST_HOST)";
				INFOPLIST_FILE = DelegationTests/Info.plist;
				LD_RUNPATH_SEARCH_PATHS = "$(inherited) @executable_path/Frameworks @loader_path/Frameworks";
				PRODUCT_BUNDLE_IDENTIFIER = com.coolbamYi.DelegationTests;
				PRODUCT_NAME = "$(TARGET_NAME)";
				TEST_HOST = "$(BUILT_PRODUCTS_DIR)/Delegation.app/Delegation";
			};
			name = Debug;
		};
		2931DB241B4230C8005C47C5 /* Release */ = {
			isa = XCBuildConfiguration;
			buildSettings = {
				BUNDLE_LOADER = "$(TEST_HOST)";
				INFOPLIST_FILE = DelegationTests/Info.plist;
				LD_RUNPATH_SEARCH_PATHS = "$(inherited) @executable_path/Frameworks @loader_path/Frameworks";
				PRODUCT_BUNDLE_IDENTIFIER = com.coolbamYi.DelegationTests;
				PRODUCT_NAME = "$(TARGET_NAME)";
				TEST_HOST = "$(BUILT_PRODUCTS_DIR)/Delegation.app/Delegation";
			};
			name = Release;
		};
		2931DB261B4230C8005C47C5 /* Debug */ = {
			isa = XCBuildConfiguration;
			buildSettings = {
				INFOPLIST_FILE = DelegationUITests/Info.plist;
				LD_RUNPATH_SEARCH_PATHS = "$(inherited) @executable_path/Frameworks @loader_path/Frameworks";
				PRODUCT_BUNDLE_IDENTIFIER = com.coolbamYi.DelegationUITests;
				PRODUCT_NAME = "$(TARGET_NAME)";
				TEST_TARGET_NAME = Delegation;
				USES_XCTRUNNER = YES;
			};
			name = Debug;
		};
		2931DB271B4230C8005C47C5 /* Release */ = {
			isa = XCBuildConfiguration;
			buildSettings = {
				INFOPLIST_FILE = DelegationUITests/Info.plist;
				LD_RUNPATH_SEARCH_PATHS = "$(inherited) @executable_path/Frameworks @loader_path/Frameworks";
				PRODUCT_BUNDLE_IDENTIFIER = com.coolbamYi.DelegationUITests;
				PRODUCT_NAME = "$(TARGET_NAME)";
				TEST_TARGET_NAME = Delegation;
				USES_XCTRUNNER = YES;
			};
			name = Release;
		};
/* End XCBuildConfiguration section */

/* Begin XCConfigurationList section */
		2931DAF21B4230C8005C47C5 /* Build configuration list for PBXProject "Delegation" */ = {
			isa = XCConfigurationList;
			buildConfigurations = (
				2931DB1D1B4230C8005C47C5 /* Debug */,
				2931DB1E1B4230C8005C47C5 /* Release */,
			);
			defaultConfigurationIsVisible = 0;
			defaultConfigurationName = Release;
		};
		2931DB1F1B4230C8005C47C5 /* Build configuration list for PBXNativeTarget "Delegation" */ = {
			isa = XCConfigurationList;
			buildConfigurations = (
				2931DB201B4230C8005C47C5 /* Debug */,
				2931DB211B4230C8005C47C5 /* Release */,
			);
			defaultConfigurationIsVisible = 0;
			defaultConfigurationName = Release;
		};
		2931DB221B4230C8005C47C5 /* Build configuration list for PBXNativeTarget "DelegationTests" */ = {
			isa = XCConfigurationList;
			buildConfigurations = (
				2931DB231B4230C8005C47C5 /* Debug */,
				2931DB241B4230C8005C47C5 /* Release */,
			);
			defaultConfigurationIsVisible = 0;
			defaultConfigurationName = Release;
		};
		2931DB251B4230C8005C47C5 /* Build configuration list for PBXNativeTarget "DelegationUITests" */ = {
			isa = XCConfigurationList;
			buildConfigurations = (
				2931DB261B4230C8005C47C5 /* Debug */,
				2931DB271B4230C8005C47C5 /* Release */,
			);
			defaultConfigurationIsVisible = 0;
			defaultConfigurationName = Release;
		};
/* End XCConfigurationList section */
	};
	rootObject = 2931DAEF1B4230C8005C47C5 /* Project object */;
}
